
Microsoft Visual Studio Solution File, Format Version 12.00
# Visual Studio Version 17
VisualStudioVersion = 17.0.31919.166
MinimumVisualStudioVersion = 10.0.40219.1
Project("{FAE04EC0-301F-11D3-BF4B-00C04F79EFBC}") = "IPMan.Tests.Unit", "IPMan.Tests.Unit\IPMan.Tests.Unit.csproj", "{5095EEAD-D388-4A19-8C6A-15FA4E7A9EF6}"
EndProject
Global
	GlobalSection(SolutionConfigurationPlatforms) = preSolution
		Debug|Any CPU = Debug|Any CPU
		Release|Any CPU = Release|Any CPU
	EndGlobalSection
	GlobalSection(ProjectConfigurationPlatforms) = postSolution
		{5095EEAD-D388-4A19-8C6A-15FA4E7A9EF6}.Debug|Any CPU.ActiveCfg = Debug|Any CPU
		{5095EEAD-D388-4A19-8C6A-15FA4E7A9EF6}.Debug|Any CPU.Build.0 = Debug|Any CPU
		{5095EEAD-D388-4A19-8C6A-15FA4E7A9EF6}.Release|Any CPU.ActiveCfg = Release|Any CPU
		{5095EEAD-D388-4A19-8C6A-15FA4E7A9EF6}.Release|Any CPU.Build.0 = Release|Any CPU
	EndGlobalSection
	GlobalSection(SolutionProperties) = preSolution
		HideSolutionNode = FALSE
	EndGlobalSection
	GlobalSection(ExtensibilityGlobals) = postSolution
		SolutionGuid = {419D8259-5133-40DE-8B77-8FBE1FC1D833}
	EndGlobalSection
EndGlobal
